// !$*UTF8*$!
{
	archiveVersion = 1;
	classes = {
	};
	objectVersion = 46;
	objects = {

/* Begin PBXBuildFile section */
		0F2332D819DF001A004BAF2C /* AppDelegate.swift in Sources */ = {isa = PBXBuildFile; fileRef = 0F2332D719DF001A004BAF2C /* AppDelegate.swift */; };
		0F2332DA19DF001A004BAF2C /* ViewController.swift in Sources */ = {isa = PBXBuildFile; fileRef = 0F2332D919DF001A004BAF2C /* ViewController.swift */; };
		0F2332DF19DF001A004BAF2C /* Images.xcassets in Resources */ = {isa = PBXBuildFile; fileRef = 0F2332DE19DF001A004BAF2C /* Images.xcassets */; };
		0F2332E219DF001A004BAF2C /* LaunchScreen.xib in Resources */ = {isa = PBXBuildFile; fileRef = 0F2332E019DF001A004BAF2C /* LaunchScreen.xib */; };
		0F2332EE19DF001A004BAF2C /* FriendloTests.swift in Sources */ = {isa = PBXBuildFile; fileRef = 0F2332ED19DF001A004BAF2C /* FriendloTests.swift */; };
		0F2332F819DF01DC004BAF2C /* logo.png in Resources */ = {isa = PBXBuildFile; fileRef = 0F2332F719DF01DC004BAF2C /* logo.png */; };
		0F38C64419DF099A00D45661 /* button_fb.png in Resources */ = {isa = PBXBuildFile; fileRef = 0F38C64319DF099A00D45661 /* button_fb.png */; };
		0F38C64619DF628200D45661 /* FacebookSDK.framework in Frameworks */ = {isa = PBXBuildFile; fileRef = 0F38C64519DF628200D45661 /* FacebookSDK.framework */; };
		0F38C64D19DF650300D45661 /* Bolts.framework in Frameworks */ = {isa = PBXBuildFile; fileRef = 0F38C64A19DF650300D45661 /* Bolts.framework */; };
		0F38C64E19DF650300D45661 /* Parse.framework in Frameworks */ = {isa = PBXBuildFile; fileRef = 0F38C64B19DF650300D45661 /* Parse.framework */; };
		0F38C64F19DF650300D45661 /* ParseFacebookUtils.framework in Frameworks */ = {isa = PBXBuildFile; fileRef = 0F38C64C19DF650300D45661 /* ParseFacebookUtils.framework */; };
		0F38C65119DF658300D45661 /* AudioToolbox.framework in Frameworks */ = {isa = PBXBuildFile; fileRef = 0F38C65019DF658300D45661 /* AudioToolbox.framework */; };
		0F38C65319DF659000D45661 /* CFNetwork.framework in Frameworks */ = {isa = PBXBuildFile; fileRef = 0F38C65219DF659000D45661 /* CFNetwork.framework */; };
		0F38C65519DF659800D45661 /* CoreGraphics.framework in Frameworks */ = {isa = PBXBuildFile; fileRef = 0F38C65419DF659800D45661 /* CoreGraphics.framework */; };
		0F38C65719DF65B600D45661 /* CoreLocation.framework in Frameworks */ = {isa = PBXBuildFile; fileRef = 0F38C65619DF65B600D45661 /* CoreLocation.framework */; };
		0F38C65919DF65C400D45661 /* libz.dylib in Frameworks */ = {isa = PBXBuildFile; fileRef = 0F38C65819DF65C400D45661 /* libz.dylib */; };
		0F38C65B19DF65D100D45661 /* MobileCoreServices.framework in Frameworks */ = {isa = PBXBuildFile; fileRef = 0F38C65A19DF65D100D45661 /* MobileCoreServices.framework */; };
		0F38C65D19DF65E100D45661 /* QuartzCore.framework in Frameworks */ = {isa = PBXBuildFile; fileRef = 0F38C65C19DF65E100D45661 /* QuartzCore.framework */; };
		0F38C65F19DF65E800D45661 /* Security.framework in Frameworks */ = {isa = PBXBuildFile; fileRef = 0F38C65E19DF65E800D45661 /* Security.framework */; };
		0F38C66119DF65FE00D45661 /* StoreKit.framework in Frameworks */ = {isa = PBXBuildFile; fileRef = 0F38C66019DF65FE00D45661 /* StoreKit.framework */; };
		0F38C66319DF660900D45661 /* SystemConfiguration.framework in Frameworks */ = {isa = PBXBuildFile; fileRef = 0F38C66219DF660900D45661 /* SystemConfiguration.framework */; };
		0F38C66719DF777E00D45661 /* FeedTableViewController.swift in Sources */ = {isa = PBXBuildFile; fileRef = 0F38C66619DF777E00D45661 /* FeedTableViewController.swift */; };
		0F4411A619ED414200444168 /* ResponsiveTextFieldViewController.swift in Sources */ = {isa = PBXBuildFile; fileRef = 0F4411A519ED414200444168 /* ResponsiveTextFieldViewController.swift */; };
		0F53967419E0BBA30016A68B /* SendViewController.swift in Sources */ = {isa = PBXBuildFile; fileRef = 0F53967319E0BBA30016A68B /* SendViewController.swift */; };
		0F53967619E0BED60016A68B /* placeholder.png in Resources */ = {isa = PBXBuildFile; fileRef = 0F53967519E0BED60016A68B /* placeholder.png */; };
		0F563C9119E6EC9F005FFB7C /* DetailViewController.swift in Sources */ = {isa = PBXBuildFile; fileRef = 0F563C9019E6EC9F005FFB7C /* DetailViewController.swift */; };
		0F568A1419E8612800513200 /* Main.storyboard in Resources */ = {isa = PBXBuildFile; fileRef = 0F568A1319E8612800513200 /* Main.storyboard */; };
		0FF7A38319E2AE4000A1965E /* logo2.png in Resources */ = {isa = PBXBuildFile; fileRef = 0FF7A38219E2AE4000A1965E /* logo2.png */; };
		0FF7A38519E368D400A1965E /* Cell.swift in Sources */ = {isa = PBXBuildFile; fileRef = 0FF7A38419E368D400A1965E /* Cell.swift */; };
/* End PBXBuildFile section */

/* Begin PBXContainerItemProxy section */
		0F2332E819DF001A004BAF2C /* PBXContainerItemProxy */ = {
			isa = PBXContainerItemProxy;
			containerPortal = 0F2332CA19DF001A004BAF2C /* Project object */;
			proxyType = 1;
			remoteGlobalIDString = 0F2332D119DF001A004BAF2C;
			remoteInfo = Friendlo;
		};
/* End PBXContainerItemProxy section */

/* Begin PBXFileReference section */
		0F2332D219DF001A004BAF2C /* Friendlo.app */ = {isa = PBXFileReference; explicitFileType = wrapper.application; includeInIndex = 0; path = Friendlo.app; sourceTree = BUILT_PRODUCTS_DIR; };
		0F2332D619DF001A004BAF2C /* Info.plist */ = {isa = PBXFileReference; lastKnownFileType = text.plist.xml; path = Info.plist; sourceTree = "<group>"; };
		0F2332D719DF001A004BAF2C /* AppDelegate.swift */ = {isa = PBXFileReference; lastKnownFileType = sourcecode.swift; path = AppDelegate.swift; sourceTree = "<group>"; };
		0F2332D919DF001A004BAF2C /* ViewController.swift */ = {isa = PBXFileReference; lastKnownFileType = sourcecode.swift; path = ViewController.swift; sourceTree = "<group>"; };
		0F2332DE19DF001A004BAF2C /* Images.xcassets */ = {isa = PBXFileReference; lastKnownFileType = folder.assetcatalog; path = Images.xcassets; sourceTree = "<group>"; };
		0F2332E119DF001A004BAF2C /* Base */ = {isa = PBXFileReference; lastKnownFileType = file.xib; name = Base; path = Base.lproj/LaunchScreen.xib; sourceTree = "<group>"; };
		0F2332E719DF001A004BAF2C /* FriendloTests.xctest */ = {isa = PBXFileReference; explicitFileType = wrapper.cfbundle; includeInIndex = 0; path = FriendloTests.xctest; sourceTree = BUILT_PRODUCTS_DIR; };
		0F2332EC19DF001A004BAF2C /* Info.plist */ = {isa = PBXFileReference; lastKnownFileType = text.plist.xml; path = Info.plist; sourceTree = "<group>"; };
		0F2332ED19DF001A004BAF2C /* FriendloTests.swift */ = {isa = PBXFileReference; lastKnownFileType = sourcecode.swift; path = FriendloTests.swift; sourceTree = "<group>"; };
		0F2332F719DF01DC004BAF2C /* logo.png */ = {isa = PBXFileReference; lastKnownFileType = image.png; path = logo.png; sourceTree = "<group>"; };
		0F38C64319DF099A00D45661 /* button_fb.png */ = {isa = PBXFileReference; lastKnownFileType = image.png; path = button_fb.png; sourceTree = "<group>"; };
		0F38C64519DF628200D45661 /* FacebookSDK.framework */ = {isa = PBXFileReference; lastKnownFileType = wrapper.framework; path = FacebookSDK.framework; sourceTree = "<group>"; };
		0F38C64719DF648C00D45661 /* Friendlo-Bridging-Header.h */ = {isa = PBXFileReference; lastKnownFileType = sourcecode.c.h; path = "Friendlo-Bridging-Header.h"; sourceTree = "<group>"; };
		0F38C64A19DF650300D45661 /* Bolts.framework */ = {isa = PBXFileReference; lastKnownFileType = wrapper.framework; path = Bolts.framework; sourceTree = "<group>"; };
		0F38C64B19DF650300D45661 /* Parse.framework */ = {isa = PBXFileReference; lastKnownFileType = wrapper.framework; path = Parse.framework; sourceTree = "<group>"; };
		0F38C64C19DF650300D45661 /* ParseFacebookUtils.framework */ = {isa = PBXFileReference; lastKnownFileType = wrapper.framework; path = ParseFacebookUtils.framework; sourceTree = "<group>"; };
		0F38C65019DF658300D45661 /* AudioToolbox.framework */ = {isa = PBXFileReference; lastKnownFileType = wrapper.framework; name = AudioToolbox.framework; path = System/Library/Frameworks/AudioToolbox.framework; sourceTree = SDKROOT; };
		0F38C65219DF659000D45661 /* CFNetwork.framework */ = {isa = PBXFileReference; lastKnownFileType = wrapper.framework; name = CFNetwork.framework; path = System/Library/Frameworks/CFNetwork.framework; sourceTree = SDKROOT; };
		0F38C65419DF659800D45661 /* CoreGraphics.framework */ = {isa = PBXFileReference; lastKnownFileType = wrapper.framework; name = CoreGraphics.framework; path = System/Library/Frameworks/CoreGraphics.framework; sourceTree = SDKROOT; };
		0F38C65619DF65B600D45661 /* CoreLocation.framework */ = {isa = PBXFileReference; lastKnownFileType = wrapper.framework; name = CoreLocation.framework; path = System/Library/Frameworks/CoreLocation.framework; sourceTree = SDKROOT; };
		0F38C65819DF65C400D45661 /* libz.dylib */ = {isa = PBXFileReference; lastKnownFileType = "compiled.mach-o.dylib"; name = libz.dylib; path = usr/lib/libz.dylib; sourceTree = SDKROOT; };
		0F38C65A19DF65D100D45661 /* MobileCoreServices.framework */ = {isa = PBXFileReference; lastKnownFileType = wrapper.framework; name = MobileCoreServices.framework; path = System/Library/Frameworks/MobileCoreServices.framework; sourceTree = SDKROOT; };
		0F38C65C19DF65E100D45661 /* QuartzCore.framework */ = {isa = PBXFileReference; lastKnownFileType = wrapper.framework; name = QuartzCore.framework; path = System/Library/Frameworks/QuartzCore.framework; sourceTree = SDKROOT; };
		0F38C65E19DF65E800D45661 /* Security.framework */ = {isa = PBXFileReference; lastKnownFileType = wrapper.framework; name = Security.framework; path = System/Library/Frameworks/Security.framework; sourceTree = SDKROOT; };
		0F38C66019DF65FE00D45661 /* StoreKit.framework */ = {isa = PBXFileReference; lastKnownFileType = wrapper.framework; name = StoreKit.framework; path = System/Library/Frameworks/StoreKit.framework; sourceTree = SDKROOT; };
		0F38C66219DF660900D45661 /* SystemConfiguration.framework */ = {isa = PBXFileReference; lastKnownFileType = wrapper.framework; name = SystemConfiguration.framework; path = System/Library/Frameworks/SystemConfiguration.framework; sourceTree = SDKROOT; };
		0F38C66619DF777E00D45661 /* FeedTableViewController.swift */ = {isa = PBXFileReference; fileEncoding = 4; lastKnownFileType = sourcecode.swift; path = FeedTableViewController.swift; sourceTree = "<group>"; };
		0F4411A519ED414200444168 /* ResponsiveTextFieldViewController.swift */ = {isa = PBXFileReference; fileEncoding = 4; lastKnownFileType = sourcecode.swift; path = ResponsiveTextFieldViewController.swift; sourceTree = "<group>"; };
		0F53967319E0BBA30016A68B /* SendViewController.swift */ = {isa = PBXFileReference; fileEncoding = 4; lastKnownFileType = sourcecode.swift; path = SendViewController.swift; sourceTree = "<group>"; };
		0F53967519E0BED60016A68B /* placeholder.png */ = {isa = PBXFileReference; lastKnownFileType = image.png; path = placeholder.png; sourceTree = "<group>"; };
		0F563C9019E6EC9F005FFB7C /* DetailViewController.swift */ = {isa = PBXFileReference; fileEncoding = 4; lastKnownFileType = sourcecode.swift; path = DetailViewController.swift; sourceTree = "<group>"; };
		0F568A1319E8612800513200 /* Main.storyboard */ = {isa = PBXFileReference; fileEncoding = 4; lastKnownFileType = file.storyboard; path = Main.storyboard; sourceTree = "<group>"; };
		0FF7A38219E2AE4000A1965E /* logo2.png */ = {isa = PBXFileReference; lastKnownFileType = image.png; path = logo2.png; sourceTree = "<group>"; };
		0FF7A38419E368D400A1965E /* Cell.swift */ = {isa = PBXFileReference; fileEncoding = 4; lastKnownFileType = sourcecode.swift; path = Cell.swift; sourceTree = "<group>"; };
/* End PBXFileReference section */

/* Begin PBXFrameworksBuildPhase section */
		0F2332CF19DF001A004BAF2C /* Frameworks */ = {
			isa = PBXFrameworksBuildPhase;
			buildActionMask = 2147483647;
			files = (
				0F38C66319DF660900D45661 /* SystemConfiguration.framework in Frameworks */,
				0F38C66119DF65FE00D45661 /* StoreKit.framework in Frameworks */,
				0F38C65F19DF65E800D45661 /* Security.framework in Frameworks */,
				0F38C65D19DF65E100D45661 /* QuartzCore.framework in Frameworks */,
				0F38C65B19DF65D100D45661 /* MobileCoreServices.framework in Frameworks */,
				0F38C65919DF65C400D45661 /* libz.dylib in Frameworks */,
				0F38C65719DF65B600D45661 /* CoreLocation.framework in Frameworks */,
				0F38C65519DF659800D45661 /* CoreGraphics.framework in Frameworks */,
				0F38C65319DF659000D45661 /* CFNetwork.framework in Frameworks */,
				0F38C65119DF658300D45661 /* AudioToolbox.framework in Frameworks */,
				0F38C64619DF628200D45661 /* FacebookSDK.framework in Frameworks */,
				0F38C64E19DF650300D45661 /* Parse.framework in Frameworks */,
				0F38C64F19DF650300D45661 /* ParseFacebookUtils.framework in Frameworks */,
				0F38C64D19DF650300D45661 /* Bolts.framework in Frameworks */,
			);
			runOnlyForDeploymentPostprocessing = 0;
		};
		0F2332E419DF001A004BAF2C /* Frameworks */ = {
			isa = PBXFrameworksBuildPhase;
			buildActionMask = 2147483647;
			files = (
			);
			runOnlyForDeploymentPostprocessing = 0;
		};
/* End PBXFrameworksBuildPhase section */

/* Begin PBXGroup section */
		0F2332C919DF001A004BAF2C = {
			isa = PBXGroup;
			children = (
				0F38C66219DF660900D45661 /* SystemConfiguration.framework */,
				0F38C66019DF65FE00D45661 /* StoreKit.framework */,
				0F38C65E19DF65E800D45661 /* Security.framework */,
				0F38C65C19DF65E100D45661 /* QuartzCore.framework */,
				0F38C65A19DF65D100D45661 /* MobileCoreServices.framework */,
				0F38C65819DF65C400D45661 /* libz.dylib */,
				0F38C65619DF65B600D45661 /* CoreLocation.framework */,
				0F38C65419DF659800D45661 /* CoreGraphics.framework */,
				0F38C65219DF659000D45661 /* CFNetwork.framework */,
				0F38C65019DF658300D45661 /* AudioToolbox.framework */,
				0F2332D419DF001A004BAF2C /* Friendlo */,
				0F2332EA19DF001A004BAF2C /* FriendloTests */,
				0F2332D319DF001A004BAF2C /* Products */,
			);
			sourceTree = "<group>";
		};
		0F2332D319DF001A004BAF2C /* Products */ = {
			isa = PBXGroup;
			children = (
				0F2332D219DF001A004BAF2C /* Friendlo.app */,
				0F2332E719DF001A004BAF2C /* FriendloTests.xctest */,
			);
			name = Products;
			sourceTree = "<group>";
		};
		0F2332D419DF001A004BAF2C /* Friendlo */ = {
			isa = PBXGroup;
			children = (
				0F2332D719DF001A004BAF2C /* AppDelegate.swift */,
				0F2332D919DF001A004BAF2C /* ViewController.swift */,
				0F568A1319E8612800513200 /* Main.storyboard */,
				0F2332DE19DF001A004BAF2C /* Images.xcassets */,
				0F2332E019DF001A004BAF2C /* LaunchScreen.xib */,
				0F38C64519DF628200D45661 /* FacebookSDK.framework */,
				0F38C64A19DF650300D45661 /* Bolts.framework */,
				0F38C64B19DF650300D45661 /* Parse.framework */,
				0F38C64C19DF650300D45661 /* ParseFacebookUtils.framework */,
				0F38C64319DF099A00D45661 /* button_fb.png */,
				0F2332F719DF01DC004BAF2C /* logo.png */,
				0FF7A38219E2AE4000A1965E /* logo2.png */,
				0F2332D519DF001A004BAF2C /* Supporting Files */,
				0F38C64719DF648C00D45661 /* Friendlo-Bridging-Header.h */,
				0F38C66619DF777E00D45661 /* FeedTableViewController.swift */,
				0F53967319E0BBA30016A68B /* SendViewController.swift */,
				0F53967519E0BED60016A68B /* placeholder.png */,
				0FF7A38419E368D400A1965E /* Cell.swift */,
				0F563C9019E6EC9F005FFB7C /* DetailViewController.swift */,
				0F4411A519ED414200444168 /* ResponsiveTextFieldViewController.swift */,
			);
			path = Friendlo;
			sourceTree = "<group>";
		};
		0F2332D519DF001A004BAF2C /* Supporting Files */ = {
			isa = PBXGroup;
			children = (
				0F2332D619DF001A004BAF2C /* Info.plist */,
			);
			name = "Supporting Files";
			sourceTree = "<group>";
		};
		0F2332EA19DF001A004BAF2C /* FriendloTests */ = {
			isa = PBXGroup;
			children = (
				0F2332ED19DF001A004BAF2C /* FriendloTests.swift */,
				0F2332EB19DF001A004BAF2C /* Supporting Files */,
			);
			path = FriendloTests;
			sourceTree = "<group>";
		};
		0F2332EB19DF001A004BAF2C /* Supporting Files */ = {
			isa = PBXGroup;
			children = (
				0F2332EC19DF001A004BAF2C /* Info.plist */,
			);
			name = "Supporting Files";
			sourceTree = "<group>";
		};
/* End PBXGroup section */

/* Begin PBXNativeTarget section */
		0F2332D119DF001A004BAF2C /* Friendlo */ = {
			isa = PBXNativeTarget;
			buildConfigurationList = 0F2332F119DF001A004BAF2C /* Build configuration list for PBXNativeTarget "Friendlo" */;
			buildPhases = (
				0F2332CE19DF001A004BAF2C /* Sources */,
				0F2332CF19DF001A004BAF2C /* Frameworks */,
				0F2332D019DF001A004BAF2C /* Resources */,
			);
			buildRules = (
			);
			dependencies = (
			);
			name = Friendlo;
			productName = Friendlo;
			productReference = 0F2332D219DF001A004BAF2C /* Friendlo.app */;
			productType = "com.apple.product-type.application";
		};
		0F2332E619DF001A004BAF2C /* FriendloTests */ = {
			isa = PBXNativeTarget;
			buildConfigurationList = 0F2332F419DF001A004BAF2C /* Build configuration list for PBXNativeTarget "FriendloTests" */;
			buildPhases = (
				0F2332E319DF001A004BAF2C /* Sources */,
				0F2332E419DF001A004BAF2C /* Frameworks */,
				0F2332E519DF001A004BAF2C /* Resources */,
			);
			buildRules = (
			);
			dependencies = (
				0F2332E919DF001A004BAF2C /* PBXTargetDependency */,
			);
			name = FriendloTests;
			productName = FriendloTests;
			productReference = 0F2332E719DF001A004BAF2C /* FriendloTests.xctest */;
			productType = "com.apple.product-type.bundle.unit-test";
		};
/* End PBXNativeTarget section */

/* Begin PBXProject section */
		0F2332CA19DF001A004BAF2C /* Project object */ = {
			isa = PBXProject;
			attributes = {
				LastUpgradeCheck = 0600;
				ORGANIZATIONNAME = kybydev;
				TargetAttributes = {
					0F2332D119DF001A004BAF2C = {
						CreatedOnToolsVersion = 6.0.1;
					};
					0F2332E619DF001A004BAF2C = {
						CreatedOnToolsVersion = 6.0.1;
						TestTargetID = 0F2332D119DF001A004BAF2C;
					};
				};
			};
			buildConfigurationList = 0F2332CD19DF001A004BAF2C /* Build configuration list for PBXProject "Friendlo" */;
			compatibilityVersion = "Xcode 3.2";
			developmentRegion = English;
			hasScannedForEncodings = 0;
			knownRegions = (
				en,
				Base,
			);
			mainGroup = 0F2332C919DF001A004BAF2C;
			productRefGroup = 0F2332D319DF001A004BAF2C /* Products */;
			projectDirPath = "";
			projectRoot = "";
			targets = (
				0F2332D119DF001A004BAF2C /* Friendlo */,
				0F2332E619DF001A004BAF2C /* FriendloTests */,
			);
		};
/* End PBXProject section */

/* Begin PBXResourcesBuildPhase section */
		0F2332D019DF001A004BAF2C /* Resources */ = {
			isa = PBXResourcesBuildPhase;
			buildActionMask = 2147483647;
			files = (
				0F568A1419E8612800513200 /* Main.storyboard in Resources */,
				0F2332F819DF01DC004BAF2C /* logo.png in Resources */,
				0F53967619E0BED60016A68B /* placeholder.png in Resources */,
				0FF7A38319E2AE4000A1965E /* logo2.png in Resources */,
				0F38C64419DF099A00D45661 /* button_fb.png in Resources */,
				0F2332E219DF001A004BAF2C /* LaunchScreen.xib in Resources */,
				0F2332DF19DF001A004BAF2C /* Images.xcassets in Resources */,
			);
			runOnlyForDeploymentPostprocessing = 0;
		};
		0F2332E519DF001A004BAF2C /* Resources */ = {
			isa = PBXResourcesBuildPhase;
			buildActionMask = 2147483647;
			files = (
			);
			runOnlyForDeploymentPostprocessing = 0;
		};
/* End PBXResourcesBuildPhase section */

/* Begin PBXSourcesBuildPhase section */
		0F2332CE19DF001A004BAF2C /* Sources */ = {
			isa = PBXSourcesBuildPhase;
			buildActionMask = 2147483647;
			files = (
				0F53967419E0BBA30016A68B /* SendViewController.swift in Sources */,
				0F2332DA19DF001A004BAF2C /* ViewController.swift in Sources */,
				0FF7A38519E368D400A1965E /* Cell.swift in Sources */,
				0F563C9119E6EC9F005FFB7C /* DetailViewController.swift in Sources */,
				0F38C66719DF777E00D45661 /* FeedTableViewController.swift in Sources */,
				0F2332D819DF001A004BAF2C /* AppDelegate.swift in Sources */,
				0F4411A619ED414200444168 /* ResponsiveTextFieldViewController.swift in Sources */,
			);
			runOnlyForDeploymentPostprocessing = 0;
		};
		0F2332E319DF001A004BAF2C /* Sources */ = {
			isa = PBXSourcesBuildPhase;
			buildActionMask = 2147483647;
			files = (
				0F2332EE19DF001A004BAF2C /* FriendloTests.swift in Sources */,
			);
			runOnlyForDeploymentPostprocessing = 0;
		};
/* End PBXSourcesBuildPhase section */

/* Begin PBXTargetDependency section */
		0F2332E919DF001A004BAF2C /* PBXTargetDependency */ = {
			isa = PBXTargetDependency;
			target = 0F2332D119DF001A004BAF2C /* Friendlo */;
			targetProxy = 0F2332E819DF001A004BAF2C /* PBXContainerItemProxy */;
		};
/* End PBXTargetDependency section */

/* Begin PBXVariantGroup section */
		0F2332E019DF001A004BAF2C /* LaunchScreen.xib */ = {
			isa = PBXVariantGroup;
			children = (
				0F2332E119DF001A004BAF2C /* Base */,
			);
			name = LaunchScreen.xib;
			sourceTree = "<group>";
		};
/* End PBXVariantGroup section */

/* Begin XCBuildConfiguration section */
		0F2332EF19DF001A004BAF2C /* Debug */ = {
			isa = XCBuildConfiguration;
			buildSettings = {
				ALWAYS_SEARCH_USER_PATHS = NO;
				CLANG_CXX_LANGUAGE_STANDARD = "gnu++0x";
				CLANG_CXX_LIBRARY = "libc++";
				CLANG_ENABLE_MODULES = YES;
				CLANG_ENABLE_OBJC_ARC = YES;
				CLANG_WARN_BOOL_CONVERSION = YES;
				CLANG_WARN_CONSTANT_CONVERSION = YES;
				CLANG_WARN_DIRECT_OBJC_ISA_USAGE = YES_ERROR;
				CLANG_WARN_EMPTY_BODY = YES;
				CLANG_WARN_ENUM_CONVERSION = YES;
				CLANG_WARN_INT_CONVERSION = YES;
				CLANG_WARN_OBJC_ROOT_CLASS = YES_ERROR;
				CLANG_WARN_UNREACHABLE_CODE = YES;
				CLANG_WARN__DUPLICATE_METHOD_MATCH = YES;
				"CODE_SIGN_IDENTITY[sdk=iphoneos*]" = "iPhone Developer";
				COPY_PHASE_STRIP = NO;
				ENABLE_STRICT_OBJC_MSGSEND = YES;
				GCC_C_LANGUAGE_STANDARD = gnu99;
				GCC_DYNAMIC_NO_PIC = NO;
				GCC_OPTIMIZATION_LEVEL = 0;
				GCC_PREPROCESSOR_DEFINITIONS = (
					"DEBUG=1",
					"$(inherited)",
				);
				GCC_SYMBOLS_PRIVATE_EXTERN = NO;
				GCC_WARN_64_TO_32_BIT_CONVERSION = YES;
				GCC_WARN_ABOUT_RETURN_TYPE = YES_ERROR;
				GCC_WARN_UNDECLARED_SELECTOR = YES;
				GCC_WARN_UNINITIALIZED_AUTOS = YES_AGGRESSIVE;
				GCC_WARN_UNUSED_FUNCTION = YES;
				GCC_WARN_UNUSED_VARIABLE = YES;
				IPHONEOS_DEPLOYMENT_TARGET = 8.0;
				MTL_ENABLE_DEBUG_INFO = YES;
				ONLY_ACTIVE_ARCH = YES;
				SDKROOT = iphoneos;
				SWIFT_OPTIMIZATION_LEVEL = "-Onone";
			};
			name = Debug;
		};
		0F2332F019DF001A004BAF2C /* Release */ = {
			isa = XCBuildConfiguration;
			buildSettings = {
				ALWAYS_SEARCH_USER_PATHS = NO;
				CLANG_CXX_LANGUAGE_STANDARD = "gnu++0x";
				CLANG_CXX_LIBRARY = "libc++";
				CLANG_ENABLE_MODULES = YES;
				CLANG_ENABLE_OBJC_ARC = YES;
				CLANG_WARN_BOOL_CONVERSION = YES;
				CLANG_WARN_CONSTANT_CONVERSION = YES;
				CLANG_WARN_DIRECT_OBJC_ISA_USAGE = YES_ERROR;
				CLANG_WARN_EMPTY_BODY = YES;
				CLANG_WARN_ENUM_CONVERSION = YES;
				CLANG_WARN_INT_CONVERSION = YES;
				CLANG_WARN_OBJC_ROOT_CLASS = YES_ERROR;
				CLANG_WARN_UNREACHABLE_CODE = YES;
				CLANG_WARN__DUPLICATE_METHOD_MATCH = YES;
				"CODE_SIGN_IDENTITY[sdk=iphoneos*]" = "iPhone Developer";
				COPY_PHASE_STRIP = YES;
				ENABLE_NS_ASSERTIONS = NO;
				ENABLE_STRICT_OBJC_MSGSEND = YES;
				GCC_C_LANGUAGE_STANDARD = gnu99;
				GCC_WARN_64_TO_32_BIT_CONVERSION = YES;
				GCC_WARN_ABOUT_RETURN_TYPE = YES_ERROR;
				GCC_WARN_UNDECLARED_SELECTOR = YES;
				GCC_WARN_UNINITIALIZED_AUTOS = YES_AGGRESSIVE;
				GCC_WARN_UNUSED_FUNCTION = YES;
				GCC_WARN_UNUSED_VARIABLE = YES;
				IPHONEOS_DEPLOYMENT_TARGET = 8.0;
				MTL_ENABLE_DEBUG_INFO = NO;
				SDKROOT = iphoneos;
				VALIDATE_PRODUCT = YES;
			};
			name = Release;
		};
		0F2332F219DF001A004BAF2C /* Debug */ = {
			isa = XCBuildConfiguration;
			buildSettings = {
				ASSETCATALOG_COMPILER_APPICON_NAME = AppIcon;
				CLANG_ENABLE_MODULES = YES;
				FRAMEWORK_SEARCH_PATHS = (
					"$(inherited)",
					"$(PROJECT_DIR)/Friendlo",
				);
				INFOPLIST_FILE = Friendlo/Info.plist;
				LD_RUNPATH_SEARCH_PATHS = "$(inherited) @executable_path/Frameworks";
				PRODUCT_NAME = "$(TARGET_NAME)";
				SWIFT_OBJC_BRIDGING_HEADER = "Friendlo/Friendlo-Bridging-Header.h";
				SWIFT_OPTIMIZATION_LEVEL = "-Onone";
			};
			name = Debug;
		};
		0F2332F319DF001A004BAF2C /* Release */ = {
			isa = XCBuildConfiguration;
			buildSettings = {
				ASSETCATALOG_COMPILER_APPICON_NAME = AppIcon;
				CLANG_ENABLE_MODULES = YES;
				FRAMEWORK_SEARCH_PATHS = (
					"$(inherited)",
					"$(PROJECT_DIR)/Friendlo",
				);
				INFOPLIST_FILE = Friendlo/Info.plist;
				LD_RUNPATH_SEARCH_PATHS = "$(inherited) @executable_path/Frameworks";
				PRODUCT_NAME = "$(TARGET_NAME)";
				SWIFT_OBJC_BRIDGING_HEADER = "Friendlo/Friendlo-Bridging-Header.h";
			};
			name = Release;
		};
		0F2332F519DF001A004BAF2C /* Debug */ = {
			isa = XCBuildConfiguration;
			buildSettings = {
				BUNDLE_LOADER = "$(TEST_HOST)";
				FRAMEWORK_SEARCH_PATHS = (
					"$(SDKROOT)/Developer/Library/Frameworks",
					"$(inherited)",
				);
				GCC_PREPROCESSOR_DEFINITIONS = (
					"DEBUG=1",
					"$(inherited)",
				);
				INFOPLIST_FILE = FriendloTests/Info.plist;
				LD_RUNPATH_SEARCH_PATHS = "$(inherited) @executable_path/Frameworks @loader_path/Frameworks";
				PRODUCT_NAME = "$(TARGET_NAME)";
				TEST_HOST = "$(BUILT_PRODUCTS_DIR)/Friendlo.app/Friendlo";
			};
			name = Debug;
		};
		0F2332F619DF001A004BAF2C /* Release */ = {
			isa = XCBuildConfiguration;
			buildSettings = {
				BUNDLE_LOADER = "$(TEST_HOST)";
				FRAMEWORK_SEARCH_PATHS = (
					"$(SDKROOT)/Developer/Library/Frameworks",
					"$(inherited)",
				);
				INFOPLIST_FILE = FriendloTests/Info.plist;
				LD_RUNPATH_SEARCH_PATHS = "$(inherited) @executable_path/Frameworks @loader_path/Frameworks";
				PRODUCT_NAME = "$(TARGET_NAME)";
				TEST_HOST = "$(BUILT_PRODUCTS_DIR)/Friendlo.app/Friendlo";
			};
			name = Release;
		};
/* End XCBuildConfiguration section */

/* Begin XCConfigurationList section */
		0F2332CD19DF001A004BAF2C /* Build configuration list for PBXProject "Friendlo" */ = {
			isa = XCConfigurationList;
			buildConfigurations = (
				0F2332EF19DF001A004BAF2C /* Debug */,
				0F2332F019DF001A004BAF2C /* Release */,
			);
			defaultConfigurationIsVisible = 0;
			defaultConfigurationName = Release;
		};
		0F2332F119DF001A004BAF2C /* Build configuration list for PBXNativeTarget "Friendlo" */ = {
			isa = XCConfigurationList;
			buildConfigurations = (
				0F2332F219DF001A004BAF2C /* Debug */,
				0F2332F319DF001A004BAF2C /* Release */,
			);
			defaultConfigurationIsVisible = 0;
			defaultConfigurationName = Release;
		};
		0F2332F419DF001A004BAF2C /* Build configuration list for PBXNativeTarget "FriendloTests" */ = {
			isa = XCConfigurationList;
			buildConfigurations = (
				0F2332F519DF001A004BAF2C /* Debug */,
				0F2332F619DF001A004BAF2C /* Release */,
			);
			defaultConfigurationIsVisible = 0;
			defaultConfigurationName = Release;
		};
/* End XCConfigurationList section */
	};
	rootObject = 0F2332CA19DF001A004BAF2C /* Project object */;
}
